
Microsoft Visual Studio Solution File, Format Version 12.00
# Visual Studio Version 17
VisualStudioVersion = 17.8.34330.188
MinimumVisualStudioVersion = 10.0.40219.1
Project("{FAE04EC0-301F-11D3-BF4B-00C04F79EFBC}") = "NunitDemoPrateek", "NunitDemoPrateek.csproj", "{7B7DB5E2-41AB-49EF-B485-A716E2CA8ED1}"
EndProject
Project("{FAE04EC0-301F-11D3-BF4B-00C04F79EFBC}") = "TestingNunitPrateek", "..\TestingNunitPrateek\TestingNunitPrateek.csproj", "{9C1E2C4C-9845-422C-9669-D972220B5AD4}"
EndProject
Global
	GlobalSection(SolutionConfigurationPlatforms) = preSolution
		Debug|Any CPU = Debug|Any CPU
		Release|Any CPU = Release|Any CPU
	EndGlobalSection
	GlobalSection(ProjectConfigurationPlatforms) = postSolution
		{7B7DB5E2-41AB-49EF-B485-A716E2CA8ED1}.Debug|Any CPU.ActiveCfg = Debug|Any CPU
		{7B7DB5E2-41AB-49EF-B485-A716E2CA8ED1}.Debug|Any CPU.Build.0 = Debug|Any CPU
		{7B7DB5E2-41AB-49EF-B485-A716E2CA8ED1}.Release|Any CPU.ActiveCfg = Release|Any CPU
		{7B7DB5E2-41AB-49EF-B485-A716E2CA8ED1}.Release|Any CPU.Build.0 = Release|Any CPU
		{9C1E2C4C-9845-422C-9669-D972220B5AD4}.Debug|Any CPU.ActiveCfg = Debug|Any CPU
		{9C1E2C4C-9845-422C-9669-D972220B5AD4}.Debug|Any CPU.Build.0 = Debug|Any CPU
		{9C1E2C4C-9845-422C-9669-D972220B5AD4}.Release|Any CPU.ActiveCfg = Release|Any CPU
		{9C1E2C4C-9845-422C-9669-D972220B5AD4}.Release|Any CPU.Build.0 = Release|Any CPU
	EndGlobalSection
	GlobalSection(SolutionProperties) = preSolution
		HideSolutionNode = FALSE
	EndGlobalSection
	GlobalSection(ExtensibilityGlobals) = postSolution
		SolutionGuid = {DF6022BF-776E-4EB6-BE28-F05256D3F0F3}
	EndGlobalSection
EndGlobal
